lockfileVersion: '6.0'

importers:

  .: {}

  apps/auth:
    dependencies:
      keycloak-js:
        specifier: 21.0.0
        version: 21.0.0
      react:
        specifier: 18.2.0
        version: 18.2.0
      react-dom:
        specifier: 18.2.0
        version: 18.2.0(react@18.2.0)
      single-spa:
        specifier: 5.9.4
        version: 5.9.4
      single-spa-react:
        specifier: 5.0.0
        version: 5.0.0(@types/react-dom@18.0.10)(@types/react@18.0.27)(react@18.2.0)
    devDependencies:
      '@babel/core':
        specifier: 7.20.12
        version: 7.20.12
      '@babel/plugin-transform-runtime':
        specifier: 7.19.6
        version: 7.19.6(@babel/core@7.20.12)
      '@babel/preset-env':
        specifier: 7.20.2
        version: 7.20.2(@babel/core@7.20.12)
      '@babel/preset-react':
        specifier: 7.18.6
        version: 7.18.6(@babel/core@7.20.12)
      '@babel/preset-typescript':
        specifier: 7.18.6
        version: 7.18.6(@babel/core@7.20.12)
      '@babel/runtime':
        specifier: 7.20.13
        version: 7.20.13
      '@types/react':
        specifier: 18.0.27
        version: 18.0.27
      '@types/react-dom':
        specifier: 18.0.10
        version: 18.0.10
      '@types/systemjs':
        specifier: 6.13.1
        version: 6.13.1
      '@types/webpack-env':
        specifier: 1.18.0
        version: 1.18.0
      concurrently:
        specifier: 7.6.0
        version: 7.6.0
      cross-env:
        specifier: 7.0.3
        version: 7.0.3
      eslint-config-real-estate:
        specifier: workspace:*
        version: link:../../packages/eslint-config-real-estate
      ts-config-single-spa:
        specifier: 3.0.0
        version: 3.0.0
      typescript:
        specifier: 4.9.5
        version: 4.9.5
      webpack:
        specifier: 5.75.0
        version: 5.75.0(webpack-cli@5.0.1)
      webpack-cli:
        specifier: 5.0.1
        version: 5.0.1(webpack-dev-server@4.11.1)(webpack@5.75.0)
      webpack-config-single-spa-react:
        specifier: 4.0.4
        version: 4.0.4(@babel/core@7.20.12)(webpack@5.75.0)
      webpack-config-single-spa-react-ts:
        specifier: 4.0.4
        version: 4.0.4(@babel/core@7.20.12)(typescript@4.9.5)(webpack@5.75.0)
      webpack-config-single-spa-ts:
        specifier: 4.1.3
        version: 4.1.3(@babel/core@7.20.12)(typescript@4.9.5)(webpack@5.75.0)
      webpack-dev-server:
        specifier: 4.11.1
        version: 4.11.1(webpack-cli@5.0.1)(webpack@5.75.0)
      webpack-merge:
        specifier: 5.8.0
        version: 5.8.0

    dependencies:
      dompurify:
        specifier: 3.0.1
        version: 3.0.1
      mobx:
        specifier: 6.8.0
        version: 6.8.0
      mobx-react-lite:
        specifier: 3.4.2
        version: 3.4.2(mobx@6.8.0)(react-dom@18.2.0)(react@18.2.0)
      moment:
        specifier: 2.29.4
        version: 2.29.4
      react:
        specifier: 18.2.0
        version: 18.2.0
      react-dom:
        specifier: 18.2.0
        version: 18.2.0(react@18.2.0)
      react-hook-form:
        specifier: 7.43.5
        version: 7.43.5(react@18.2.0)
      react-query:
        specifier: 3.39.3
        version: 3.39.3(react-dom@18.2.0)(react@18.2.0)
      react-router-dom:
        specifier: '6'
        version: 6.8.1(react-dom@18.2.0)(react@18.2.0)
      single-spa:
        specifier: 5.9.4
        version: 5.9.4
      single-spa-react:
        specifier: 5.0.1
        version: 5.0.1(@types/react-dom@18.0.11)(@types/react@18.0.28)(react@18.2.0)
    devDependencies:
      '@babel/core':
        specifier: 7.21.0
        version: 7.21.0
      '@babel/plugin-transform-runtime':
        specifier: 7.21.0
        version: 7.21.0(@babel/core@7.21.0)
      '@babel/preset-env':
        specifier: 7.20.2
        version: 7.20.2(@babel/core@7.21.0)
      '@babel/preset-react':
        specifier: 7.18.6
        version: 7.18.6(@babel/core@7.21.0)
      '@babel/preset-typescript':
        specifier: 7.21.0
        version: 7.21.0(@babel/core@7.21.0)
      '@babel/runtime':
        specifier: 7.21.0
        version: 7.21.0
      '@jest/globals':
        specifier: 29.4.3
        version: 29.4.3
      '@testing-library/dom':
        specifier: 9.0.0
        version: 9.0.0
      '@testing-library/jest-dom':
        specifier: 5.16.5
        version: 5.16.5
      '@testing-library/react':
        specifier: 14.0.0
        version: 14.0.0(react-dom@18.2.0)(react@18.2.0)
      '@testing-library/user-event':
        specifier: 14.4.3
        version: 14.4.3(@testing-library/dom@9.0.0)
      '@types/jest':
        specifier: 29.4.0
        version: 29.4.0
      '@types/node':
        specifier: 18.14.2
        version: 18.14.2
      '@types/react':
        specifier: 18.0.28
        version: 18.0.28
      '@types/react-dom':
        specifier: 18.0.11
        version: 18.0.11
      '@types/systemjs':
        specifier: 6.13.1
        version: 6.13.1
      '@types/testing-library__jest-dom':
        specifier: 5.14.5
        version: 5.14.5
      '@types/webpack-env':
        specifier: 1.18.0
        version: 1.18.0
      concurrently:
        specifier: 7.6.0
        version: 7.6.0
      cross-env:
        specifier: 7.0.3
        version: 7.0.3
      css-loader:
        specifier: 6.7.3
        version: 6.7.3(webpack@5.75.0)
      eslint-config-real-estate:
        specifier: workspace:*
        version: link:../../packages/eslint-config-real-estate
      identity-obj-proxy:
        specifier: 3.0.0
        version: 3.0.0
      jest:
        specifier: 29.4.3
        version: 29.4.3(@types/node@18.14.2)
      jest-cli:
        specifier: 29.4.3
        version: 29.4.3(@types/node@18.14.2)
      jest-environment-jsdom:
        specifier: 29.4.3
        version: 29.4.3
      sass:
        specifier: 1.58.3
        version: 1.58.3
      sass-loader:
        specifier: 13.2.0
        version: 13.2.0(sass@1.58.3)(webpack@5.75.0)
      style-loader:
        specifier: 3.3.1
        version: 3.3.1(webpack@5.75.0)
      ts-config-single-spa:
        specifier: 3.0.0
        version: 3.0.0
      ts-jest:
        specifier: 29.0.5
        version: 29.0.5(@babel/core@7.21.0)(babel-jest@29.4.3)(jest@29.4.3)(typescript@4.9.5)
      typescript:
        specifier: 4.9.5
        version: 4.9.5
      webpack:
        specifier: 5.75.0
        version: 5.75.0(webpack-cli@5.0.1)
      webpack-cli:
        specifier: 5.0.1
        version: 5.0.1(webpack-dev-server@4.11.1)(webpack@5.75.0)
      webpack-config-single-spa-react:
        specifier: 4.0.4
        version: 4.0.4(@babel/core@7.21.0)(webpack@5.75.0)
      webpack-config-single-spa-react-ts:
        specifier: 4.0.4
        version: 4.0.4(@babel/core@7.21.0)(typescript@4.9.5)(webpack@5.75.0)
      webpack-config-single-spa-ts:
        specifier: 4.1.3
        version: 4.1.3(@babel/core@7.21.0)(typescript@4.9.5)(webpack@5.75.0)
      webpack-dev-server:
        specifier: 4.11.1
        version: 4.11.1(webpack-cli@5.0.1)(webpack@5.75.0)
      webpack-merge:
        specifier: 5.8.0
        version: 5.8.0

  apps/container:
    dependencies:
      single-spa:
        specifier: 5.9.4
        version: 5.9.4
      single-spa-layout:
        specifier: 2.1.0
        version: 2.1.0
    devDependencies:
      '@babel/core':
        specifier: 7.21.0
        version: 7.21.0
      '@babel/plugin-transform-runtime':
        specifier: 7.21.0
        version: 7.21.0(@babel/core@7.21.0)
      '@babel/preset-env':
        specifier: 7.20.2
        version: 7.20.2(@babel/core@7.21.0)
      '@babel/preset-typescript':
        specifier: 7.21.0
        version: 7.21.0(@babel/core@7.21.0)
      '@babel/runtime':
        specifier: 7.21.0
        version: 7.21.0
      '@types/jest':
        specifier: 29.4.0
        version: 29.4.0
      '@types/systemjs':
        specifier: 6.13.1
        version: 6.13.1
      '@types/webpack-env':
        specifier: 1.18.0
        version: 1.18.0
      concurrently:
        specifier: 7.6.0
        version: 7.6.0
      cross-env:
        specifier: 7.0.3
        version: 7.0.3
      css-loader:
        specifier: 6.7.3
        version: 6.7.3(webpack@5.75.0)
      eslint-config-real-estate:
        specifier: workspace:*
        version: link:../../packages/eslint-config-real-estate
      html-webpack-plugin:
        specifier: 5.5.0
        version: 5.5.0(webpack@5.75.0)
      jest:
        specifier: 29.4.3
        version: 29.4.3(@types/node@18.14.2)
      jest-cli:
        specifier: 29.4.3
        version: 29.4.3(@types/node@18.14.2)
      sass:
        specifier: 1.58.3
        version: 1.58.3
      sass-loader:
        specifier: 13.2.0
        version: 13.2.0(sass@1.58.3)(webpack@5.75.0)
      serve:
        specifier: 14.2.0
        version: 14.2.0
      style-loader:
        specifier: 3.3.1
        version: 3.3.1(webpack@5.75.0)
      ts-config-single-spa:
        specifier: 3.0.0
        version: 3.0.0
      typescript:
        specifier: 4.9.5
        version: 4.9.5
      webpack:
        specifier: 5.75.0
        version: 5.75.0(webpack-cli@5.0.1)
      webpack-cli:
        specifier: 5.0.1
        version: 5.0.1(webpack-dev-server@4.11.1)(webpack@5.75.0)
      webpack-config-single-spa-ts:
        specifier: 4.1.3
        version: 4.1.3(@babel/core@7.21.0)(typescript@4.9.5)(webpack@5.75.0)
      webpack-dev-server:
        specifier: 4.11.1
        version: 4.11.1(webpack-cli@5.0.1)(webpack@5.75.0)
      webpack-merge:
        specifier: 5.8.0
        version: 5.8.0

  packages/eslint-config-real-estate:
    devDependencies:
      '@typescript-eslint/eslint-plugin':
        specifier: 5.49.0
        version: 5.49.0(@typescript-eslint/parser@5.49.0)(eslint@8.32.0)(typescript@4.5.2)
      '@typescript-eslint/parser':
        specifier: 5.49.0
        version: 5.49.0(eslint@8.32.0)(typescript@4.5.2)
      eslint:
        specifier: 8.32.0
        version: 8.32.0
      eslint-config-airbnb:
        specifier: 19.0.4
        version: 19.0.4(eslint-plugin-import@2.27.5)(eslint-plugin-jsx-a11y@6.7.1)(eslint-plugin-react-hooks@4.6.0)(eslint-plugin-react@7.32.1)(eslint@8.32.0)
      eslint-config-airbnb-typescript:
        specifier: 17.0.0
        version: 17.0.0(@typescript-eslint/eslint-plugin@5.49.0)(@typescript-eslint/parser@5.49.0)(eslint-plugin-import@2.27.5)(eslint@8.32.0)
      eslint-config-prettier:
        specifier: 8.6.0
        version: 8.6.0(eslint@8.32.0)
      eslint-plugin-import:
        specifier: 2.27.5
        version: 2.27.5(@typescript-eslint/parser@5.49.0)(eslint@8.32.0)
      eslint-plugin-jsx-a11y:
        specifier: 6.7.1
        version: 6.7.1(eslint@8.32.0)
      eslint-plugin-prettier:
        specifier: 4.2.1
        version: 4.2.1(eslint-config-prettier@8.6.0)(eslint@8.32.0)(prettier@2.8.3)
      eslint-plugin-react:
        specifier: 7.32.1
        version: 7.32.1(eslint@8.32.0)
      eslint-plugin-react-hooks:
        specifier: 4.6.0
        version: 4.6.0(eslint@8.32.0)
      prettier:
        specifier: 2.8.3
        version: 2.8.3
      typescript:
        specifier: 4.5.2
        version: 4.5.2
